
Microsoft Visual Studio Solution File, Format Version 12.00
# Visual Studio Version 16
VisualStudioVersion = 16.0.31424.327
MinimumVisualStudioVersion = 10.0.40219.1
Project("{2150E333-8FDC-42A3-9474-1A3956D46DE8}") = "Lab_2", "Lab_2", "{92C2E815-6114-4B65-B51B-F7D5F1350050}"
EndProject
Project("{2150E333-8FDC-42A3-9474-1A3956D46DE8}") = "ControlTask_2.1", "ControlTask_2.1", "{62F60DD5-70B2-4675-A945-DE2E8BB1110E}"
EndProject
Project("{2150E333-8FDC-42A3-9474-1A3956D46DE8}") = "ControlTask_2.2", "ControlTask_2.2", "{A91DEE1A-9899-4CB8-B997-3B3C5B9F92B1}"
EndProject
Project("{2150E333-8FDC-42A3-9474-1A3956D46DE8}") = "ControlTask_2.3", "ControlTask_2.3", "{B1CEA804-3293-409D-BAB1-B98F8F088E51}"
EndProject
Project("{2150E333-8FDC-42A3-9474-1A3956D46DE8}") = "ControlTask_2.4", "ControlTask_2.4", "{35098EBE-F49D-4F4D-B41C-55410D1A8567}"
EndProject
Project("{8BC9CEB8-8B4A-11D0-8D11-00A0C91BC942}") = "ControlTask_2.1", "Lab_2\ControlTask_2.1\ControlTask_2.1.vcxproj", "{29E500A6-A015-49CC-AA34-959954D4187C}"
EndProject
Project("{8BC9CEB8-8B4A-11D0-8D11-00A0C91BC942}") = "ControlTask_2.2", "Lab_2\ControlTask_2.2\ControlTask_2.2.vcxproj", "{A9F6A321-8608-49F7-A8C0-F6031FBA382D}"
EndProject
Project("{8BC9CEB8-8B4A-11D0-8D11-00A0C91BC942}") = "ControlTask_2.3", "Lab_2\ControlTask_2.3\ControlTask_2.3.vcxproj", "{0E8032FC-5BDD-4FEA-B360-8EF14E07867C}"
EndProject
Project("{8BC9CEB8-8B4A-11D0-8D11-00A0C91BC942}") = "ControlTask_2.4", "Lab_2\ControlTask_2.4\ControlTask_2.4.vcxproj", "{FE8A39C4-7F65-48E7-9341-E41E37C018B9}"
EndProject
Project("{2150E333-8FDC-42A3-9474-1A3956D46DE8}") = "Lab_3", "Lab_3", "{FFEDF525-9757-490F-96F9-D7C1E18662C3}"
EndProject
Project("{2150E333-8FDC-42A3-9474-1A3956D46DE8}") = "ControlTask_3.1", "ControlTask_3.1", "{15CBC5B7-1932-4328-84DC-2867A2266A6D}"
EndProject
Project("{2150E333-8FDC-42A3-9474-1A3956D46DE8}") = "ControlTask_3.2", "ControlTask_3.2", "{5B281217-EBF5-4E84-959C-C6A62EC91A3D}"
EndProject
Project("{2150E333-8FDC-42A3-9474-1A3956D46DE8}") = "ControlTask_3.3", "ControlTask_3.3", "{CD64AB99-DAC3-46BB-AA2F-91181BD7589D}"
EndProject
Project("{2150E333-8FDC-42A3-9474-1A3956D46DE8}") = "ControlTask_3.4", "ControlTask_3.4", "{C93FB52D-58DE-4B11-8DBD-55D5F977C5DD}"
EndProject
Project("{2150E333-8FDC-42A3-9474-1A3956D46DE8}") = "ControlTask_3.5", "ControlTask_3.5", "{13C8E3EC-2AD1-4D34-A11E-081DA3E7392A}"
EndProject
Project("{8BC9CEB8-8B4A-11D0-8D11-00A0C91BC942}") = "ControlTask_3.1", "Lab_3\ControlTask_3.1\ControlTask_3.1.vcxproj", "{071DC991-45D7-4F30-BDE7-3661391CD52B}"
EndProject
Project("{8BC9CEB8-8B4A-11D0-8D11-00A0C91BC942}") = "ControlTask_3.2", "Lab_3\ControlTask_3.2\ControlTask_3.2.vcxproj", "{F1E9388D-852C-4596-BB1E-086222EF58BF}"
EndProject
Project("{8BC9CEB8-8B4A-11D0-8D11-00A0C91BC942}") = "ControlTask_3.3", "Lab_3\ControlTask_3.3\ControlTask_3.3.vcxproj", "{A5E4F8F2-2764-4BB4-87C3-69C95F19D901}"
EndProject
Project("{8BC9CEB8-8B4A-11D0-8D11-00A0C91BC942}") = "ControlTask_3.4", "Lab_3\ControlTask_3.4\ControlTask_3.4.vcxproj", "{B6387848-7539-4290-808C-F40B681A2DF1}"
EndProject
Project("{8BC9CEB8-8B4A-11D0-8D11-00A0C91BC942}") = "ControlTask_3.5", "Lab_3\ControlTask_3.5\ControlTask_3.5.vcxproj", "{E0EC1E75-2EBB-439B-89FB-C2AA26D511B6}"
EndProject
Project("{2150E333-8FDC-42A3-9474-1A3956D46DE8}") = "Lab_1", "Lab_1", "{709DD05C-A69B-4B43-B9E0-F52770F8D0D2}"
EndProject
Project("{2150E333-8FDC-42A3-9474-1A3956D46DE8}") = "ControlTask_1.1", "ControlTask_1.1", "{DBC4F10C-8496-494B-90BE-663D37A70CC2}"
EndProject
Project("{8BC9CEB8-8B4A-11D0-8D11-00A0C91BC942}") = "ControlTask_1.1", "Lab_1\ControlTask_1.1\ControlTask_1.1.vcxproj", "{D263ACBC-754A-412F-A8B6-37CDA83D7E40}"
EndProject
Project("{2150E333-8FDC-42A3-9474-1A3956D46DE8}") = "1.1", "1.1", "{D35A7627-8334-4E41-9385-F672914003B5}"
EndProject
Project("{8BC9CEB8-8B4A-11D0-8D11-00A0C91BC942}") = "1.1", "Lab_1\1.1\1.1.vcxproj", "{813206BF-97C1-4034-B1D1-BA1697827F00}"
EndProject
Project("{2150E333-8FDC-42A3-9474-1A3956D46DE8}") = "Lab_4", "Lab_4", "{64A3E0DA-2F6A-43AC-8A7B-5DD4F55F5346}"
EndProject
Project("{2150E333-8FDC-42A3-9474-1A3956D46DE8}") = "ControlTask_4.1", "ControlTask_4.1", "{24C7F89E-30DF-43BF-9983-7C3501DC765E}"
EndProject
Project("{2150E333-8FDC-42A3-9474-1A3956D46DE8}") = "ControlTask_4.2", "ControlTask_4.2", "{CF74C984-9470-4E7A-B403-E487E6E7C70D}"
EndProject
Project("{8BC9CEB8-8B4A-11D0-8D11-00A0C91BC942}") = "ControlTask_4.1", "Lab_4\ControlTask_4.1\ControlTask_4.1.vcxproj", "{A687FA3F-7F25-49FD-BD50-9AAF3ED994A1}"
EndProject
Project("{8BC9CEB8-8B4A-11D0-8D11-00A0C91BC942}") = "ControlTask_4.2", "Lab_4\ControlTask_4.2\ControlTask_4.2.vcxproj", "{D43FFB26-A076-4B46-B3D7-A8886AF03438}"
EndProject
Project("{2150E333-8FDC-42A3-9474-1A3956D46DE8}") = "Lab_5", "Lab_5", "{66384C35-804C-4C35-ADF3-A50F46867825}"
EndProject
Project("{2150E333-8FDC-42A3-9474-1A3956D46DE8}") = "ControlTask_5.1", "ControlTask_5.1", "{49148858-6B4B-48D7-9387-614E3CDDB94C}"
EndProject
Project("{2150E333-8FDC-42A3-9474-1A3956D46DE8}") = "ControlTask_5.2", "ControlTask_5.2", "{0C516511-6C2D-4CEE-B30B-95A48D64810E}"
EndProject
Project("{8BC9CEB8-8B4A-11D0-8D11-00A0C91BC942}") = "ControlTask_5.1", "Lab_5\ControlTask_5.1\ControlTask_5.1.vcxproj", "{B6E80428-06F5-43C0-9F2E-E4A4AC35383C}"
EndProject
Project("{8BC9CEB8-8B4A-11D0-8D11-00A0C91BC942}") = "ControlTask_5.2", "Lab_5\ControlTask_5.2\ControlTask_5.2.vcxproj", "{D23043D5-D131-4ED1-B8A6-DDE23EAD35F0}"
EndProject
Project("{2150E333-8FDC-42A3-9474-1A3956D46DE8}") = "Lab_6", "Lab_6", "{62B41DB8-9296-4B08-B543-F2A814795E85}"
EndProject
Project("{2150E333-8FDC-42A3-9474-1A3956D46DE8}") = "ControlTask_6.1", "ControlTask_6.1", "{B71B2608-C63A-46C8-B1C3-49E5DA3E390A}"
EndProject
Project("{2150E333-8FDC-42A3-9474-1A3956D46DE8}") = "ControlTask_6.2", "ControlTask_6.2", "{3E4CA048-2082-43A2-90D3-5DD5FF2B2258}"
EndProject
Project("{8BC9CEB8-8B4A-11D0-8D11-00A0C91BC942}") = "ControlTask_6.1", "Lab_6\ControlTask_6.1\ControlTask_6.1.vcxproj", "{4B401FE6-D71E-4BBA-8E1F-229C791C9432}"
EndProject
Project("{8BC9CEB8-8B4A-11D0-8D11-00A0C91BC942}") = "ControlTask_6.2", "Lab_6\ControlTask_6.2\ControlTask_6.2.vcxproj", "{F03FD265-D90E-4F5E-84DD-72E79688EDD8}"
EndProject
Project("{2150E333-8FDC-42A3-9474-1A3956D46DE8}") = "Lab_7", "Lab_7", "{9CC2B440-D734-4D0E-B104-F3533FC09AC5}"
EndProject
Project("{2150E333-8FDC-42A3-9474-1A3956D46DE8}") = "ControlTask_7.1", "ControlTask_7.1", "{778F3CFC-3D3F-4B50-AA29-4CAE8556AE7B}"
EndProject
Project("{2150E333-8FDC-42A3-9474-1A3956D46DE8}") = "ControlTask_7.2", "ControlTask_7.2", "{4AC186F8-C97B-47E7-8D24-723B3C31B93A}"
EndProject
Project("{8BC9CEB8-8B4A-11D0-8D11-00A0C91BC942}") = "ControlTask_7.1", "Lab_7\ControlTask_7.1\ControlTask_7.1.vcxproj", "{77E988A9-3417-4A96-88BF-6BCB224231C2}"
EndProject
Project("{8BC9CEB8-8B4A-11D0-8D11-00A0C91BC942}") = "ControlTask_7.2", "Lab_7\ControlTask_7.2\ControlTask_7.2.vcxproj", "{20595FF0-106D-4D96-9956-AD957571C9E4}"
EndProject
Project("{2150E333-8FDC-42A3-9474-1A3956D46DE8}") = "Lab_8", "Lab_8", "{B8BA49A4-0B99-460A-BAC9-49A8226BB9EE}"
EndProject
Project("{2150E333-8FDC-42A3-9474-1A3956D46DE8}") = "ControlTask_8.1", "ControlTask_8.1", "{2A05AD72-49B6-40F7-9BEC-18806691CAD9}"
EndProject
Project("{8BC9CEB8-8B4A-11D0-8D11-00A0C91BC942}") = "ControlTask_8.1", "Lab_8\ControlTask_8.1\ControlTask_8.1.vcxproj", "{EA400538-9AA8-42BC-B4BA-1DA0D8C349B3}"
EndProject
Project("{2150E333-8FDC-42A3-9474-1A3956D46DE8}") = "Lab_9", "Lab_9", "{E45CA937-833A-4F54-8499-C0D3A6C0449B}"
EndProject
Project("{2150E333-8FDC-42A3-9474-1A3956D46DE8}") = "ControlTask_9.1", "ControlTask_9.1", "{76976231-B647-4D4F-9644-8C9E3079D745}"
EndProject
Project("{2150E333-8FDC-42A3-9474-1A3956D46DE8}") = "ControlTask_9.2", "ControlTask_9.2", "{F170988E-7503-40F6-A400-AE0F3E24787F}"
EndProject
Project("{8BC9CEB8-8B4A-11D0-8D11-00A0C91BC942}") = "ControlTask_9.1", "Lab_9\ControlTask_9.1\ControlTask_9.1.vcxproj", "{8EB24B95-BA3B-4753-99EC-080D506873B3}"
EndProject
Project("{8BC9CEB8-8B4A-11D0-8D11-00A0C91BC942}") = "ControlTask_9.2", "Lab_9\ControlTask_9.2\ControlTask_9.2.vcxproj", "{FEA1DD99-663E-42BA-BB49-CEF930101EBB}"
EndProject
Project("{2150E333-8FDC-42A3-9474-1A3956D46DE8}") = "Lab_10", "Lab_10", "{8BD50F7F-5381-4C6E-BF94-5714BEA10411}"
EndProject
Project("{2150E333-8FDC-42A3-9474-1A3956D46DE8}") = "ControlTask_10.1", "ControlTask_10.1", "{3D1C9E5C-6B81-42FA-B300-8A89837DBA39}"
EndProject
Project("{8BC9CEB8-8B4A-11D0-8D11-00A0C91BC942}") = "ControlTask_10.1", "Lab_10\ControlTask_10.1\ControlTask_10.1.vcxproj", "{87E4A09E-836D-4DA0-9854-F4A6DB4DD5F0}"
EndProject
Project("{2150E333-8FDC-42A3-9474-1A3956D46DE8}") = "Lab_11", "Lab_11", "{DCF06E2A-D8BC-404F-ADCE-3D9D7CFACAE1}"
EndProject
Project("{2150E333-8FDC-42A3-9474-1A3956D46DE8}") = "ControlTask_11.1", "ControlTask_11.1", "{C167711B-1C9E-4D70-AFEE-60A2DFF240B6}"
EndProject
Project("{2150E333-8FDC-42A3-9474-1A3956D46DE8}") = "ControlTask_11.2", "ControlTask_11.2", "{AECF002D-9C8D-4F57-80F5-891AA8ACD229}"
EndProject
Project("{8BC9CEB8-8B4A-11D0-8D11-00A0C91BC942}") = "ControlTask_11.1", "Lab_11\ControlTask_11.1\ControlTask_11.1.vcxproj", "{B949BD9B-28BC-4365-83D9-B3DC57D5F173}"
EndProject
Project("{8BC9CEB8-8B4A-11D0-8D11-00A0C91BC942}") = "ControlTask_11.2", "Lab_11\ControlTask_11.2\ControlTask_11.2.vcxproj", "{A6F8625B-863E-405C-B0A3-C788D7798AF0}"
EndProject
Project("{2150E333-8FDC-42A3-9474-1A3956D46DE8}") = "Lab_13", "Lab_13", "{82567D47-D494-4EB6-9FA4-A2686B78F51A}"
EndProject
Project("{2150E333-8FDC-42A3-9474-1A3956D46DE8}") = "ControlTask_13.1", "ControlTask_13.1", "{643668CF-FA4F-41B4-9909-EB301066B1A9}"
EndProject
Project("{8BC9CEB8-8B4A-11D0-8D11-00A0C91BC942}") = "ControlTask_13.1", "Lab_13\ControlTask_13.1\ControlTask_13.1.vcxproj", "{7A4F7644-773A-465D-AA65-15FF2B824B8E}"
EndProject
Project("{2150E333-8FDC-42A3-9474-1A3956D46DE8}") = "Lab_14", "Lab_14", "{A685FB67-438A-4326-AF8A-C38444B12649}"
EndProject
Project("{2150E333-8FDC-42A3-9474-1A3956D46DE8}") = "ControlTask_14.1", "ControlTask_14.1", "{0F9E8945-8053-4AB9-8CEE-6DBB6EF672BE}"
EndProject
Project("{8BC9CEB8-8B4A-11D0-8D11-00A0C91BC942}") = "ControlTaask_14.1", "Lab_14\ControlTaask_14.1\ControlTaask_14.1.vcxproj", "{FAFD5F52-A3DC-49F1-947E-897AE23E31E9}"
EndProject
Project("{2150E333-8FDC-42A3-9474-1A3956D46DE8}") = "Lab_15", "Lab_15", "{B9C50FD1-1B28-466B-A949-0E7E701439E2}"
EndProject
Project("{2150E333-8FDC-42A3-9474-1A3956D46DE8}") = "ControlTask_15.1", "ControlTask_15.1", "{F8108083-2EFC-4AE2-AD3C-3B607D7C77B0}"
EndProject
Project("{8BC9CEB8-8B4A-11D0-8D11-00A0C91BC942}") = "ControlTask_15.1", "Lab_15\ControlTask_15.1\ControlTask_15.1.vcxproj", "{B18D0C10-D85C-4677-855F-ADD18C184066}"
EndProject
Global
	GlobalSection(SolutionConfigurationPlatforms) = preSolution
		Debug|x64 = Debug|x64
		Debug|x86 = Debug|x86
		Release|x64 = Release|x64
		Release|x86 = Release|x86
	EndGlobalSection
	GlobalSection(ProjectConfigurationPlatforms) = postSolution
		{29E500A6-A015-49CC-AA34-959954D4187C}.Debug|x64.ActiveCfg = Debug|x64
		{29E500A6-A015-49CC-AA34-959954D4187C}.Debug|x64.Build.0 = Debug|x64
		{29E500A6-A015-49CC-AA34-959954D4187C}.Debug|x86.ActiveCfg = Debug|Win32
		{29E500A6-A015-49CC-AA34-959954D4187C}.Debug|x86.Build.0 = Debug|Win32
		{29E500A6-A015-49CC-AA34-959954D4187C}.Release|x64.ActiveCfg = Release|x64
		{29E500A6-A015-49CC-AA34-959954D4187C}.Release|x64.Build.0 = Release|x64
		{29E500A6-A015-49CC-AA34-959954D4187C}.Release|x86.ActiveCfg = Release|Win32
		{29E500A6-A015-49CC-AA34-959954D4187C}.Release|x86.Build.0 = Release|Win32
		{A9F6A321-8608-49F7-A8C0-F6031FBA382D}.Debug|x64.ActiveCfg = Debug|x64
		{A9F6A321-8608-49F7-A8C0-F6031FBA382D}.Debug|x64.Build.0 = Debug|x64
		{A9F6A321-8608-49F7-A8C0-F6031FBA382D}.Debug|x86.ActiveCfg = Debug|Win32
		{A9F6A321-8608-49F7-A8C0-F6031FBA382D}.Debug|x86.Build.0 = Debug|Win32
		{A9F6A321-8608-49F7-A8C0-F6031FBA382D}.Release|x64.ActiveCfg = Release|x64
		{A9F6A321-8608-49F7-A8C0-F6031FBA382D}.Release|x64.Build.0 = Release|x64
		{A9F6A321-8608-49F7-A8C0-F6031FBA382D}.Release|x86.ActiveCfg = Release|Win32
		{A9F6A321-8608-49F7-A8C0-F6031FBA382D}.Release|x86.Build.0 = Release|Win32
		{0E8032FC-5BDD-4FEA-B360-8EF14E07867C}.Debug|x64.ActiveCfg = Debug|x64
		{0E8032FC-5BDD-4FEA-B360-8EF14E07867C}.Debug|x64.Build.0 = Debug|x64
		{0E8032FC-5BDD-4FEA-B360-8EF14E07867C}.Debug|x86.ActiveCfg = Debug|Win32
		{0E8032FC-5BDD-4FEA-B360-8EF14E07867C}.Debug|x86.Build.0 = Debug|Win32
		{0E8032FC-5BDD-4FEA-B360-8EF14E07867C}.Release|x64.ActiveCfg = Release|x64
		{0E8032FC-5BDD-4FEA-B360-8EF14E07867C}.Release|x64.Build.0 = Release|x64
		{0E8032FC-5BDD-4FEA-B360-8EF14E07867C}.Release|x86.ActiveCfg = Release|Win32
		{0E8032FC-5BDD-4FEA-B360-8EF14E07867C}.Release|x86.Build.0 = Release|Win32
		{FE8A39C4-7F65-48E7-9341-E41E37C018B9}.Debug|x64.ActiveCfg = Debug|x64
		{FE8A39C4-7F65-48E7-9341-E41E37C018B9}.Debug|x64.Build.0 = Debug|x64
		{FE8A39C4-7F65-48E7-9341-E41E37C018B9}.Debug|x86.ActiveCfg = Debug|Win32
		{FE8A39C4-7F65-48E7-9341-E41E37C018B9}.Debug|x86.Build.0 = Debug|Win32
		{FE8A39C4-7F65-48E7-9341-E41E37C018B9}.Release|x64.ActiveCfg = Release|x64
		{FE8A39C4-7F65-48E7-9341-E41E37C018B9}.Release|x64.Build.0 = Release|x64
		{FE8A39C4-7F65-48E7-9341-E41E37C018B9}.Release|x86.ActiveCfg = Release|Win32
		{FE8A39C4-7F65-48E7-9341-E41E37C018B9}.Release|x86.Build.0 = Release|Win32
		{071DC991-45D7-4F30-BDE7-3661391CD52B}.Debug|x64.ActiveCfg = Debug|x64
		{071DC991-45D7-4F30-BDE7-3661391CD52B}.Debug|x64.Build.0 = Debug|x64
		{071DC991-45D7-4F30-BDE7-3661391CD52B}.Debug|x86.ActiveCfg = Debug|Win32
		{071DC991-45D7-4F30-BDE7-3661391CD52B}.Debug|x86.Build.0 = Debug|Win32
		{071DC991-45D7-4F30-BDE7-3661391CD52B}.Release|x64.ActiveCfg = Release|x64
		{071DC991-45D7-4F30-BDE7-3661391CD52B}.Release|x64.Build.0 = Release|x64
		{071DC991-45D7-4F30-BDE7-3661391CD52B}.Release|x86.ActiveCfg = Release|Win32
		{071DC991-45D7-4F30-BDE7-3661391CD52B}.Release|x86.Build.0 = Release|Win32
		{F1E9388D-852C-4596-BB1E-086222EF58BF}.Debug|x64.ActiveCfg = Debug|x64
		{F1E9388D-852C-4596-BB1E-086222EF58BF}.Debug|x64.Build.0 = Debug|x64
		{F1E9388D-852C-4596-BB1E-086222EF58BF}.Debug|x86.ActiveCfg = Debug|Win32
		{F1E9388D-852C-4596-BB1E-086222EF58BF}.Debug|x86.Build.0 = Debug|Win32
		{F1E9388D-852C-4596-BB1E-086222EF58BF}.Release|x64.ActiveCfg = Release|x64
		{F1E9388D-852C-4596-BB1E-086222EF58BF}.Release|x64.Build.0 = Release|x64
		{F1E9388D-852C-4596-BB1E-086222EF58BF}.Release|x86.ActiveCfg = Release|Win32
		{F1E9388D-852C-4596-BB1E-086222EF58BF}.Release|x86.Build.0 = Release|Win32
		{A5E4F8F2-2764-4BB4-87C3-69C95F19D901}.Debug|x64.ActiveCfg = Debug|x64
		{A5E4F8F2-2764-4BB4-87C3-69C95F19D901}.Debug|x64.Build.0 = Debug|x64
		{A5E4F8F2-2764-4BB4-87C3-69C95F19D901}.Debug|x86.ActiveCfg = Debug|Win32
		{A5E4F8F2-2764-4BB4-87C3-69C95F19D901}.Debug|x86.Build.0 = Debug|Win32
		{A5E4F8F2-2764-4BB4-87C3-69C95F19D901}.Release|x64.ActiveCfg = Release|x64
		{A5E4F8F2-2764-4BB4-87C3-69C95F19D901}.Release|x64.Build.0 = Release|x64
		{A5E4F8F2-2764-4BB4-87C3-69C95F19D901}.Release|x86.ActiveCfg = Release|Win32
		{A5E4F8F2-2764-4BB4-87C3-69C95F19D901}.Release|x86.Build.0 = Release|Win32
		{B6387848-7539-4290-808C-F40B681A2DF1}.Debug|x64.ActiveCfg = Debug|x64
		{B6387848-7539-4290-808C-F40B681A2DF1}.Debug|x64.Build.0 = Debug|x64
		{B6387848-7539-4290-808C-F40B681A2DF1}.Debug|x86.ActiveCfg = Debug|Win32
		{B6387848-7539-4290-808C-F40B681A2DF1}.Debug|x86.Build.0 = Debug|Win32
		{B6387848-7539-4290-808C-F40B681A2DF1}.Release|x64.ActiveCfg = Release|x64
		{B6387848-7539-4290-808C-F40B681A2DF1}.Release|x64.Build.0 = Release|x64
		{B6387848-7539-4290-808C-F40B681A2DF1}.Release|x86.ActiveCfg = Release|Win32
		{B6387848-7539-4290-808C-F40B681A2DF1}.Release|x86.Build.0 = Release|Win32
		{E0EC1E75-2EBB-439B-89FB-C2AA26D511B6}.Debug|x64.ActiveCfg = Debug|x64
		{E0EC1E75-2EBB-439B-89FB-C2AA26D511B6}.Debug|x64.Build.0 = Debug|x64
		{E0EC1E75-2EBB-439B-89FB-C2AA26D511B6}.Debug|x86.ActiveCfg = Debug|Win32
		{E0EC1E75-2EBB-439B-89FB-C2AA26D511B6}.Debug|x86.Build.0 = Debug|Win32
		{E0EC1E75-2EBB-439B-89FB-C2AA26D511B6}.Release|x64.ActiveCfg = Release|x64
		{E0EC1E75-2EBB-439B-89FB-C2AA26D511B6}.Release|x64.Build.0 = Release|x64
		{E0EC1E75-2EBB-439B-89FB-C2AA26D511B6}.Release|x86.ActiveCfg = Release|Win32
		{E0EC1E75-2EBB-439B-89FB-C2AA26D511B6}.Release|x86.Build.0 = Release|Win32
		{D263ACBC-754A-412F-A8B6-37CDA83D7E40}.Debug|x64.ActiveCfg = Debug|x64
		{D263ACBC-754A-412F-A8B6-37CDA83D7E40}.Debug|x64.Build.0 = Debug|x64
		{D263ACBC-754A-412F-A8B6-37CDA83D7E40}.Debug|x86.ActiveCfg = Debug|Win32
		{D263ACBC-754A-412F-A8B6-37CDA83D7E40}.Debug|x86.Build.0 = Debug|Win32
		{D263ACBC-754A-412F-A8B6-37CDA83D7E40}.Release|x64.ActiveCfg = Release|x64
		{D263ACBC-754A-412F-A8B6-37CDA83D7E40}.Release|x64.Build.0 = Release|x64
		{D263ACBC-754A-412F-A8B6-37CDA83D7E40}.Release|x86.ActiveCfg = Release|Win32
		{D263ACBC-754A-412F-A8B6-37CDA83D7E40}.Release|x86.Build.0 = Release|Win32
		{813206BF-97C1-4034-B1D1-BA1697827F00}.Debug|x64.ActiveCfg = Debug|x64
		{813206BF-97C1-4034-B1D1-BA1697827F00}.Debug|x64.Build.0 = Debug|x64
		{813206BF-97C1-4034-B1D1-BA1697827F00}.Debug|x86.ActiveCfg = Debug|Win32
		{813206BF-97C1-4034-B1D1-BA1697827F00}.Debug|x86.Build.0 = Debug|Win32
		{813206BF-97C1-4034-B1D1-BA1697827F00}.Release|x64.ActiveCfg = Release|x64
		{813206BF-97C1-4034-B1D1-BA1697827F00}.Release|x64.Build.0 = Release|x64
		{813206BF-97C1-4034-B1D1-BA1697827F00}.Release|x86.ActiveCfg = Release|Win32
		{813206BF-97C1-4034-B1D1-BA1697827F00}.Release|x86.Build.0 = Release|Win32
		{A687FA3F-7F25-49FD-BD50-9AAF3ED994A1}.Debug|x64.ActiveCfg = Debug|x64
		{A687FA3F-7F25-49FD-BD50-9AAF3ED994A1}.Debug|x64.Build.0 = Debug|x64
		{A687FA3F-7F25-49FD-BD50-9AAF3ED994A1}.Debug|x86.ActiveCfg = Debug|Win32
		{A687FA3F-7F25-49FD-BD50-9AAF3ED994A1}.Debug|x86.Build.0 = Debug|Win32
		{A687FA3F-7F25-49FD-BD50-9AAF3ED994A1}.Release|x64.ActiveCfg = Release|x64
		{A687FA3F-7F25-49FD-BD50-9AAF3ED994A1}.Release|x64.Build.0 = Release|x64
		{A687FA3F-7F25-49FD-BD50-9AAF3ED994A1}.Release|x86.ActiveCfg = Release|Win32
		{A687FA3F-7F25-49FD-BD50-9AAF3ED994A1}.Release|x86.Build.0 = Release|Win32
		{D43FFB26-A076-4B46-B3D7-A8886AF03438}.Debug|x64.ActiveCfg = Debug|x64
		{D43FFB26-A076-4B46-B3D7-A8886AF03438}.Debug|x64.Build.0 = Debug|x64
		{D43FFB26-A076-4B46-B3D7-A8886AF03438}.Debug|x86.ActiveCfg = Debug|Win32
		{D43FFB26-A076-4B46-B3D7-A8886AF03438}.Debug|x86.Build.0 = Debug|Win32
		{D43FFB26-A076-4B46-B3D7-A8886AF03438}.Release|x64.ActiveCfg = Release|x64
		{D43FFB26-A076-4B46-B3D7-A8886AF03438}.Release|x64.Build.0 = Release|x64
		{D43FFB26-A076-4B46-B3D7-A8886AF03438}.Release|x86.ActiveCfg = Release|Win32
		{D43FFB26-A076-4B46-B3D7-A8886AF03438}.Release|x86.Build.0 = Release|Win32
		{B6E80428-06F5-43C0-9F2E-E4A4AC35383C}.Debug|x64.ActiveCfg = Debug|x64
		{B6E80428-06F5-43C0-9F2E-E4A4AC35383C}.Debug|x64.Build.0 = Debug|x64
		{B6E80428-06F5-43C0-9F2E-E4A4AC35383C}.Debug|x86.ActiveCfg = Debug|Win32
		{B6E80428-06F5-43C0-9F2E-E4A4AC35383C}.Debug|x86.Build.0 = Debug|Win32
		{B6E80428-06F5-43C0-9F2E-E4A4AC35383C}.Release|x64.ActiveCfg = Release|x64
		{B6E80428-06F5-43C0-9F2E-E4A4AC35383C}.Release|x64.Build.0 = Release|x64
		{B6E80428-06F5-43C0-9F2E-E4A4AC35383C}.Release|x86.ActiveCfg = Release|Win32
		{B6E80428-06F5-43C0-9F2E-E4A4AC35383C}.Release|x86.Build.0 = Release|Win32
		{D23043D5-D131-4ED1-B8A6-DDE23EAD35F0}.Debug|x64.ActiveCfg = Debug|x64
		{D23043D5-D131-4ED1-B8A6-DDE23EAD35F0}.Debug|x64.Build.0 = Debug|x64
		{D23043D5-D131-4ED1-B8A6-DDE23EAD35F0}.Debug|x86.ActiveCfg = Debug|Win32
		{D23043D5-D131-4ED1-B8A6-DDE23EAD35F0}.Debug|x86.Build.0 = Debug|Win32
		{D23043D5-D131-4ED1-B8A6-DDE23EAD35F0}.Release|x64.ActiveCfg = Release|x64
		{D23043D5-D131-4ED1-B8A6-DDE23EAD35F0}.Release|x64.Build.0 = Release|x64
		{D23043D5-D131-4ED1-B8A6-DDE23EAD35F0}.Release|x86.ActiveCfg = Release|Win32
		{D23043D5-D131-4ED1-B8A6-DDE23EAD35F0}.Release|x86.Build.0 = Release|Win32
		{4B401FE6-D71E-4BBA-8E1F-229C791C9432}.Debug|x64.ActiveCfg = Debug|x64
		{4B401FE6-D71E-4BBA-8E1F-229C791C9432}.Debug|x64.Build.0 = Debug|x64
		{4B401FE6-D71E-4BBA-8E1F-229C791C9432}.Debug|x86.ActiveCfg = Debug|Win32
		{4B401FE6-D71E-4BBA-8E1F-229C791C9432}.Debug|x86.Build.0 = Debug|Win32
		{4B401FE6-D71E-4BBA-8E1F-229C791C9432}.Release|x64.ActiveCfg = Release|x64
		{4B401FE6-D71E-4BBA-8E1F-229C791C9432}.Release|x64.Build.0 = Release|x64
		{4B401FE6-D71E-4BBA-8E1F-229C791C9432}.Release|x86.ActiveCfg = Release|Win32
		{4B401FE6-D71E-4BBA-8E1F-229C791C9432}.Release|x86.Build.0 = Release|Win32
		{F03FD265-D90E-4F5E-84DD-72E79688EDD8}.Debug|x64.ActiveCfg = Debug|x64
		{F03FD265-D90E-4F5E-84DD-72E79688EDD8}.Debug|x64.Build.0 = Debug|x64
		{F03FD265-D90E-4F5E-84DD-72E79688EDD8}.Debug|x86.ActiveCfg = Debug|Win32
		{F03FD265-D90E-4F5E-84DD-72E79688EDD8}.Debug|x86.Build.0 = Debug|Win32
		{F03FD265-D90E-4F5E-84DD-72E79688EDD8}.Release|x64.ActiveCfg = Release|x64
		{F03FD265-D90E-4F5E-84DD-72E79688EDD8}.Release|x64.Build.0 = Release|x64
		{F03FD265-D90E-4F5E-84DD-72E79688EDD8}.Release|x86.ActiveCfg = Release|Win32
		{F03FD265-D90E-4F5E-84DD-72E79688EDD8}.Release|x86.Build.0 = Release|Win32
		{77E988A9-3417-4A96-88BF-6BCB224231C2}.Debug|x64.ActiveCfg = Debug|x64
		{77E988A9-3417-4A96-88BF-6BCB224231C2}.Debug|x64.Build.0 = Debug|x64
		{77E988A9-3417-4A96-88BF-6BCB224231C2}.Debug|x86.ActiveCfg = Debug|Win32
		{77E988A9-3417-4A96-88BF-6BCB224231C2}.Debug|x86.Build.0 = Debug|Win32
		{77E988A9-3417-4A96-88BF-6BCB224231C2}.Release|x64.ActiveCfg = Release|x64
		{77E988A9-3417-4A96-88BF-6BCB224231C2}.Release|x64.Build.0 = Release|x64
		{77E988A9-3417-4A96-88BF-6BCB224231C2}.Release|x86.ActiveCfg = Release|Win32
		{77E988A9-3417-4A96-88BF-6BCB224231C2}.Release|x86.Build.0 = Release|Win32
		{20595FF0-106D-4D96-9956-AD957571C9E4}.Debug|x64.ActiveCfg = Debug|x64
		{20595FF0-106D-4D96-9956-AD957571C9E4}.Debug|x64.Build.0 = Debug|x64
		{20595FF0-106D-4D96-9956-AD957571C9E4}.Debug|x86.ActiveCfg = Debug|Win32
		{20595FF0-106D-4D96-9956-AD957571C9E4}.Debug|x86.Build.0 = Debug|Win32
		{20595FF0-106D-4D96-9956-AD957571C9E4}.Release|x64.ActiveCfg = Release|x64
		{20595FF0-106D-4D96-9956-AD957571C9E4}.Release|x64.Build.0 = Release|x64
		{20595FF0-106D-4D96-9956-AD957571C9E4}.Release|x86.ActiveCfg = Release|Win32
		{20595FF0-106D-4D96-9956-AD957571C9E4}.Release|x86.Build.0 = Release|Win32
		{EA400538-9AA8-42BC-B4BA-1DA0D8C349B3}.Debug|x64.ActiveCfg = Debug|x64
		{EA400538-9AA8-42BC-B4BA-1DA0D8C349B3}.Debug|x64.Build.0 = Debug|x64
		{EA400538-9AA8-42BC-B4BA-1DA0D8C349B3}.Debug|x86.ActiveCfg = Debug|Win32
		{EA400538-9AA8-42BC-B4BA-1DA0D8C349B3}.Debug|x86.Build.0 = Debug|Win32
		{EA400538-9AA8-42BC-B4BA-1DA0D8C349B3}.Release|x64.ActiveCfg = Release|x64
		{EA400538-9AA8-42BC-B4BA-1DA0D8C349B3}.Release|x64.Build.0 = Release|x64
		{EA400538-9AA8-42BC-B4BA-1DA0D8C349B3}.Release|x86.ActiveCfg = Release|Win32
		{EA400538-9AA8-42BC-B4BA-1DA0D8C349B3}.Release|x86.Build.0 = Release|Win32
		{8EB24B95-BA3B-4753-99EC-080D506873B3}.Debug|x64.ActiveCfg = Debug|x64
		{8EB24B95-BA3B-4753-99EC-080D506873B3}.Debug|x64.Build.0 = Debug|x64
		{8EB24B95-BA3B-4753-99EC-080D506873B3}.Debug|x86.ActiveCfg = Debug|Win32
		{8EB24B95-BA3B-4753-99EC-080D506873B3}.Debug|x86.Build.0 = Debug|Win32
		{8EB24B95-BA3B-4753-99EC-080D506873B3}.Release|x64.ActiveCfg = Release|x64
		{8EB24B95-BA3B-4753-99EC-080D506873B3}.Release|x64.Build.0 = Release|x64
		{8EB24B95-BA3B-4753-99EC-080D506873B3}.Release|x86.ActiveCfg = Release|Win32
		{8EB24B95-BA3B-4753-99EC-080D506873B3}.Release|x86.Build.0 = Release|Win32
		{FEA1DD99-663E-42BA-BB49-CEF930101EBB}.Debug|x64.ActiveCfg = Debug|x64
		{FEA1DD99-663E-42BA-BB49-CEF930101EBB}.Debug|x64.Build.0 = Debug|x64
		{FEA1DD99-663E-42BA-BB49-CEF930101EBB}.Debug|x86.ActiveCfg = Debug|Win32
		{FEA1DD99-663E-42BA-BB49-CEF930101EBB}.Debug|x86.Build.0 = Debug|Win32
		{FEA1DD99-663E-42BA-BB49-CEF930101EBB}.Release|x64.ActiveCfg = Release|x64
		{FEA1DD99-663E-42BA-BB49-CEF930101EBB}.Release|x64.Build.0 = Release|x64
		{FEA1DD99-663E-42BA-BB49-CEF930101EBB}.Release|x86.ActiveCfg = Release|Win32
		{FEA1DD99-663E-42BA-BB49-CEF930101EBB}.Release|x86.Build.0 = Release|Win32
		{87E4A09E-836D-4DA0-9854-F4A6DB4DD5F0}.Debug|x64.ActiveCfg = Debug|x64
		{87E4A09E-836D-4DA0-9854-F4A6DB4DD5F0}.Debug|x64.Build.0 = Debug|x64
		{87E4A09E-836D-4DA0-9854-F4A6DB4DD5F0}.Debug|x86.ActiveCfg = Debug|Win32
		{87E4A09E-836D-4DA0-9854-F4A6DB4DD5F0}.Debug|x86.Build.0 = Debug|Win32
		{87E4A09E-836D-4DA0-9854-F4A6DB4DD5F0}.Release|x64.ActiveCfg = Release|x64
		{87E4A09E-836D-4DA0-9854-F4A6DB4DD5F0}.Release|x64.Build.0 = Release|x64
		{87E4A09E-836D-4DA0-9854-F4A6DB4DD5F0}.Release|x86.ActiveCfg = Release|Win32
		{87E4A09E-836D-4DA0-9854-F4A6DB4DD5F0}.Release|x86.Build.0 = Release|Win32
		{B949BD9B-28BC-4365-83D9-B3DC57D5F173}.Debug|x64.ActiveCfg = Debug|x64
		{B949BD9B-28BC-4365-83D9-B3DC57D5F173}.Debug|x64.Build.0 = Debug|x64
		{B949BD9B-28BC-4365-83D9-B3DC57D5F173}.Debug|x86.ActiveCfg = Debug|Win32
		{B949BD9B-28BC-4365-83D9-B3DC57D5F173}.Debug|x86.Build.0 = Debug|Win32
		{B949BD9B-28BC-4365-83D9-B3DC57D5F173}.Release|x64.ActiveCfg = Release|x64
		{B949BD9B-28BC-4365-83D9-B3DC57D5F173}.Release|x64.Build.0 = Release|x64
		{B949BD9B-28BC-4365-83D9-B3DC57D5F173}.Release|x86.ActiveCfg = Release|Win32
		{B949BD9B-28BC-4365-83D9-B3DC57D5F173}.Release|x86.Build.0 = Release|Win32
		{A6F8625B-863E-405C-B0A3-C788D7798AF0}.Debug|x64.ActiveCfg = Debug|x64
		{A6F8625B-863E-405C-B0A3-C788D7798AF0}.Debug|x64.Build.0 = Debug|x64
		{A6F8625B-863E-405C-B0A3-C788D7798AF0}.Debug|x86.ActiveCfg = Debug|Win32
		{A6F8625B-863E-405C-B0A3-C788D7798AF0}.Debug|x86.Build.0 = Debug|Win32
		{A6F8625B-863E-405C-B0A3-C788D7798AF0}.Release|x64.ActiveCfg = Release|x64
		{A6F8625B-863E-405C-B0A3-C788D7798AF0}.Release|x64.Build.0 = Release|x64
		{A6F8625B-863E-405C-B0A3-C788D7798AF0}.Release|x86.ActiveCfg = Release|Win32
		{A6F8625B-863E-405C-B0A3-C788D7798AF0}.Release|x86.Build.0 = Release|Win32
		{7A4F7644-773A-465D-AA65-15FF2B824B8E}.Debug|x64.ActiveCfg = Debug|x64
		{7A4F7644-773A-465D-AA65-15FF2B824B8E}.Debug|x64.Build.0 = Debug|x64
		{7A4F7644-773A-465D-AA65-15FF2B824B8E}.Debug|x86.ActiveCfg = Debug|Win32
		{7A4F7644-773A-465D-AA65-15FF2B824B8E}.Debug|x86.Build.0 = Debug|Win32
		{7A4F7644-773A-465D-AA65-15FF2B824B8E}.Release|x64.ActiveCfg = Release|x64
		{7A4F7644-773A-465D-AA65-15FF2B824B8E}.Release|x64.Build.0 = Release|x64
		{7A4F7644-773A-465D-AA65-15FF2B824B8E}.Release|x86.ActiveCfg = Release|Win32
		{7A4F7644-773A-465D-AA65-15FF2B824B8E}.Release|x86.Build.0 = Release|Win32
		{FAFD5F52-A3DC-49F1-947E-897AE23E31E9}.Debug|x64.ActiveCfg = Debug|x64
		{FAFD5F52-A3DC-49F1-947E-897AE23E31E9}.Debug|x64.Build.0 = Debug|x64
		{FAFD5F52-A3DC-49F1-947E-897AE23E31E9}.Debug|x86.ActiveCfg = Debug|Win32
		{FAFD5F52-A3DC-49F1-947E-897AE23E31E9}.Debug|x86.Build.0 = Debug|Win32
		{FAFD5F52-A3DC-49F1-947E-897AE23E31E9}.Release|x64.ActiveCfg = Release|x64
		{FAFD5F52-A3DC-49F1-947E-897AE23E31E9}.Release|x64.Build.0 = Release|x64
		{FAFD5F52-A3DC-49F1-947E-897AE23E31E9}.Release|x86.ActiveCfg = Release|Win32
		{FAFD5F52-A3DC-49F1-947E-897AE23E31E9}.Release|x86.Build.0 = Release|Win32
		{B18D0C10-D85C-4677-855F-ADD18C184066}.Debug|x64.ActiveCfg = Debug|x64
		{B18D0C10-D85C-4677-855F-ADD18C184066}.Debug|x64.Build.0 = Debug|x64
		{B18D0C10-D85C-4677-855F-ADD18C184066}.Debug|x86.ActiveCfg = Debug|Win32
		{B18D0C10-D85C-4677-855F-ADD18C184066}.Debug|x86.Build.0 = Debug|Win32
		{B18D0C10-D85C-4677-855F-ADD18C184066}.Release|x64.ActiveCfg = Release|x64
		{B18D0C10-D85C-4677-855F-ADD18C184066}.Release|x64.Build.0 = Release|x64
		{B18D0C10-D85C-4677-855F-ADD18C184066}.Release|x86.ActiveCfg = Release|Win32
		{B18D0C10-D85C-4677-855F-ADD18C184066}.Release|x86.Build.0 = Release|Win32
	EndGlobalSection
	GlobalSection(SolutionProperties) = preSolution
		HideSolutionNode = FALSE
	EndGlobalSection
	GlobalSection(NestedProjects) = preSolution
		{62F60DD5-70B2-4675-A945-DE2E8BB1110E} = {92C2E815-6114-4B65-B51B-F7D5F1350050}
		{A91DEE1A-9899-4CB8-B997-3B3C5B9F92B1} = {92C2E815-6114-4B65-B51B-F7D5F1350050}
		{B1CEA804-3293-409D-BAB1-B98F8F088E51} = {92C2E815-6114-4B65-B51B-F7D5F1350050}
		{35098EBE-F49D-4F4D-B41C-55410D1A8567} = {92C2E815-6114-4B65-B51B-F7D5F1350050}
		{29E500A6-A015-49CC-AA34-959954D4187C} = {62F60DD5-70B2-4675-A945-DE2E8BB1110E}
		{A9F6A321-8608-49F7-A8C0-F6031FBA382D} = {A91DEE1A-9899-4CB8-B997-3B3C5B9F92B1}
		{0E8032FC-5BDD-4FEA-B360-8EF14E07867C} = {B1CEA804-3293-409D-BAB1-B98F8F088E51}
		{FE8A39C4-7F65-48E7-9341-E41E37C018B9} = {35098EBE-F49D-4F4D-B41C-55410D1A8567}
		{15CBC5B7-1932-4328-84DC-2867A2266A6D} = {FFEDF525-9757-490F-96F9-D7C1E18662C3}
		{5B281217-EBF5-4E84-959C-C6A62EC91A3D} = {FFEDF525-9757-490F-96F9-D7C1E18662C3}
		{CD64AB99-DAC3-46BB-AA2F-91181BD7589D} = {FFEDF525-9757-490F-96F9-D7C1E18662C3}
		{C93FB52D-58DE-4B11-8DBD-55D5F977C5DD} = {FFEDF525-9757-490F-96F9-D7C1E18662C3}
		{13C8E3EC-2AD1-4D34-A11E-081DA3E7392A} = {FFEDF525-9757-490F-96F9-D7C1E18662C3}
		{071DC991-45D7-4F30-BDE7-3661391CD52B} = {15CBC5B7-1932-4328-84DC-2867A2266A6D}
		{F1E9388D-852C-4596-BB1E-086222EF58BF} = {5B281217-EBF5-4E84-959C-C6A62EC91A3D}
		{A5E4F8F2-2764-4BB4-87C3-69C95F19D901} = {CD64AB99-DAC3-46BB-AA2F-91181BD7589D}
		{B6387848-7539-4290-808C-F40B681A2DF1} = {C93FB52D-58DE-4B11-8DBD-55D5F977C5DD}
		{E0EC1E75-2EBB-439B-89FB-C2AA26D511B6} = {13C8E3EC-2AD1-4D34-A11E-081DA3E7392A}
		{DBC4F10C-8496-494B-90BE-663D37A70CC2} = {709DD05C-A69B-4B43-B9E0-F52770F8D0D2}
		{D263ACBC-754A-412F-A8B6-37CDA83D7E40} = {DBC4F10C-8496-494B-90BE-663D37A70CC2}
		{D35A7627-8334-4E41-9385-F672914003B5} = {709DD05C-A69B-4B43-B9E0-F52770F8D0D2}
		{813206BF-97C1-4034-B1D1-BA1697827F00} = {D35A7627-8334-4E41-9385-F672914003B5}
		{24C7F89E-30DF-43BF-9983-7C3501DC765E} = {64A3E0DA-2F6A-43AC-8A7B-5DD4F55F5346}
		{CF74C984-9470-4E7A-B403-E487E6E7C70D} = {64A3E0DA-2F6A-43AC-8A7B-5DD4F55F5346}
		{A687FA3F-7F25-49FD-BD50-9AAF3ED994A1} = {24C7F89E-30DF-43BF-9983-7C3501DC765E}
		{D43FFB26-A076-4B46-B3D7-A8886AF03438} = {CF74C984-9470-4E7A-B403-E487E6E7C70D}
		{49148858-6B4B-48D7-9387-614E3CDDB94C} = {66384C35-804C-4C35-ADF3-A50F46867825}
		{0C516511-6C2D-4CEE-B30B-95A48D64810E} = {66384C35-804C-4C35-ADF3-A50F46867825}
		{B6E80428-06F5-43C0-9F2E-E4A4AC35383C} = {49148858-6B4B-48D7-9387-614E3CDDB94C}
		{D23043D5-D131-4ED1-B8A6-DDE23EAD35F0} = {0C516511-6C2D-4CEE-B30B-95A48D64810E}
		{B71B2608-C63A-46C8-B1C3-49E5DA3E390A} = {62B41DB8-9296-4B08-B543-F2A814795E85}
		{3E4CA048-2082-43A2-90D3-5DD5FF2B2258} = {62B41DB8-9296-4B08-B543-F2A814795E85}
		{4B401FE6-D71E-4BBA-8E1F-229C791C9432} = {B71B2608-C63A-46C8-B1C3-49E5DA3E390A}
		{F03FD265-D90E-4F5E-84DD-72E79688EDD8} = {3E4CA048-2082-43A2-90D3-5DD5FF2B2258}
		{778F3CFC-3D3F-4B50-AA29-4CAE8556AE7B} = {9CC2B440-D734-4D0E-B104-F3533FC09AC5}
		{4AC186F8-C97B-47E7-8D24-723B3C31B93A} = {9CC2B440-D734-4D0E-B104-F3533FC09AC5}
		{77E988A9-3417-4A96-88BF-6BCB224231C2} = {778F3CFC-3D3F-4B50-AA29-4CAE8556AE7B}
		{20595FF0-106D-4D96-9956-AD957571C9E4} = {4AC186F8-C97B-47E7-8D24-723B3C31B93A}
		{2A05AD72-49B6-40F7-9BEC-18806691CAD9} = {B8BA49A4-0B99-460A-BAC9-49A8226BB9EE}
		{EA400538-9AA8-42BC-B4BA-1DA0D8C349B3} = {2A05AD72-49B6-40F7-9BEC-18806691CAD9}
		{76976231-B647-4D4F-9644-8C9E3079D745} = {E45CA937-833A-4F54-8499-C0D3A6C0449B}
		{F170988E-7503-40F6-A400-AE0F3E24787F} = {E45CA937-833A-4F54-8499-C0D3A6C0449B}
		{8EB24B95-BA3B-4753-99EC-080D506873B3} = {76976231-B647-4D4F-9644-8C9E3079D745}
		{FEA1DD99-663E-42BA-BB49-CEF930101EBB} = {F170988E-7503-40F6-A400-AE0F3E24787F}
		{3D1C9E5C-6B81-42FA-B300-8A89837DBA39} = {8BD50F7F-5381-4C6E-BF94-5714BEA10411}
		{87E4A09E-836D-4DA0-9854-F4A6DB4DD5F0} = {3D1C9E5C-6B81-42FA-B300-8A89837DBA39}
		{C167711B-1C9E-4D70-AFEE-60A2DFF240B6} = {DCF06E2A-D8BC-404F-ADCE-3D9D7CFACAE1}
		{AECF002D-9C8D-4F57-80F5-891AA8ACD229} = {DCF06E2A-D8BC-404F-ADCE-3D9D7CFACAE1}
		{B949BD9B-28BC-4365-83D9-B3DC57D5F173} = {C167711B-1C9E-4D70-AFEE-60A2DFF240B6}
		{A6F8625B-863E-405C-B0A3-C788D7798AF0} = {AECF002D-9C8D-4F57-80F5-891AA8ACD229}
		{643668CF-FA4F-41B4-9909-EB301066B1A9} = {82567D47-D494-4EB6-9FA4-A2686B78F51A}
		{7A4F7644-773A-465D-AA65-15FF2B824B8E} = {643668CF-FA4F-41B4-9909-EB301066B1A9}
		{0F9E8945-8053-4AB9-8CEE-6DBB6EF672BE} = {A685FB67-438A-4326-AF8A-C38444B12649}
		{FAFD5F52-A3DC-49F1-947E-897AE23E31E9} = {0F9E8945-8053-4AB9-8CEE-6DBB6EF672BE}
		{F8108083-2EFC-4AE2-AD3C-3B607D7C77B0} = {B9C50FD1-1B28-466B-A949-0E7E701439E2}
		{B18D0C10-D85C-4677-855F-ADD18C184066} = {F8108083-2EFC-4AE2-AD3C-3B607D7C77B0}
	EndGlobalSection
	GlobalSection(ExtensibilityGlobals) = postSolution
		SolutionGuid = {9A11010C-70BA-417C-BA53-3C017155A123}
	EndGlobalSection
EndGlobal
