
Microsoft Visual Studio Solution File, Format Version 12.00
# Visual Studio Version 16
VisualStudioVersion = 16.0.31424.327
MinimumVisualStudioVersion = 10.0.40219.1
Project("{2150E333-8FDC-42A3-9474-1A3956D46DE8}") = "Lab_2", "Lab_2", "{92C2E815-6114-4B65-B51B-F7D5F1350050}"
EndProject
Project("{2150E333-8FDC-42A3-9474-1A3956D46DE8}") = "ControlTask_2.1", "ControlTask_2.1", "{62F60DD5-70B2-4675-A945-DE2E8BB1110E}"
EndProject
Project("{2150E333-8FDC-42A3-9474-1A3956D46DE8}") = "ControlTask_2.2", "ControlTask_2.2", "{A91DEE1A-9899-4CB8-B997-3B3C5B9F92B1}"
EndProject
Project("{2150E333-8FDC-42A3-9474-1A3956D46DE8}") = "ControlTask_2.3", "ControlTask_2.3", "{B1CEA804-3293-409D-BAB1-B98F8F088E51}"
EndProject
Project("{2150E333-8FDC-42A3-9474-1A3956D46DE8}") = "ControlTask_2.4", "ControlTask_2.4", "{35098EBE-F49D-4F4D-B41C-55410D1A8567}"
EndProject
Project("{8BC9CEB8-8B4A-11D0-8D11-00A0C91BC942}") = "ControlTask_2.1", "Lab_2\ControlTask_2.1\ControlTask_2.1.vcxproj", "{29E500A6-A015-49CC-AA34-959954D4187C}"
EndProject
Project("{8BC9CEB8-8B4A-11D0-8D11-00A0C91BC942}") = "ControlTask_2.2", "Lab_2\ControlTask_2.2\ControlTask_2.2.vcxproj", "{A9F6A321-8608-49F7-A8C0-F6031FBA382D}"
EndProject
Project("{8BC9CEB8-8B4A-11D0-8D11-00A0C91BC942}") = "ControlTask_2.3", "Lab_2\ControlTask_2.3\ControlTask_2.3.vcxproj", "{0E8032FC-5BDD-4FEA-B360-8EF14E07867C}"
EndProject
Project("{8BC9CEB8-8B4A-11D0-8D11-00A0C91BC942}") = "ControlTask_2.4", "Lab_2\ControlTask_2.4\ControlTask_2.4.vcxproj", "{FE8A39C4-7F65-48E7-9341-E41E37C018B9}"
EndProject
Project("{2150E333-8FDC-42A3-9474-1A3956D46DE8}") = "Lab_3", "Lab_3", "{FFEDF525-9757-490F-96F9-D7C1E18662C3}"
EndProject
Project("{2150E333-8FDC-42A3-9474-1A3956D46DE8}") = "ControlTask_3.1", "ControlTask_3.1", "{15CBC5B7-1932-4328-84DC-2867A2266A6D}"
EndProject
Project("{2150E333-8FDC-42A3-9474-1A3956D46DE8}") = "ControlTask_3.2", "ControlTask_3.2", "{5B281217-EBF5-4E84-959C-C6A62EC91A3D}"
EndProject
Project("{2150E333-8FDC-42A3-9474-1A3956D46DE8}") = "ControlTask_3.3", "ControlTask_3.3", "{CD64AB99-DAC3-46BB-AA2F-91181BD7589D}"
EndProject
Project("{2150E333-8FDC-42A3-9474-1A3956D46DE8}") = "ControlTask_3.4", "ControlTask_3.4", "{C93FB52D-58DE-4B11-8DBD-55D5F977C5DD}"
EndProject
Project("{2150E333-8FDC-42A3-9474-1A3956D46DE8}") = "ControlTask_3.5", "ControlTask_3.5", "{13C8E3EC-2AD1-4D34-A11E-081DA3E7392A}"
EndProject
Project("{8BC9CEB8-8B4A-11D0-8D11-00A0C91BC942}") = "ControlTask_3.1", "Lab_3\ControlTask_3.1\ControlTask_3.1.vcxproj", "{071DC991-45D7-4F30-BDE7-3661391CD52B}"
EndProject
Project("{8BC9CEB8-8B4A-11D0-8D11-00A0C91BC942}") = "ControlTask_3.2", "Lab_3\ControlTask_3.2\ControlTask_3.2.vcxproj", "{F1E9388D-852C-4596-BB1E-086222EF58BF}"
EndProject
Project("{8BC9CEB8-8B4A-11D0-8D11-00A0C91BC942}") = "ControlTask_3.3", "Lab_3\ControlTask_3.3\ControlTask_3.3.vcxproj", "{A5E4F8F2-2764-4BB4-87C3-69C95F19D901}"
EndProject
Project("{8BC9CEB8-8B4A-11D0-8D11-00A0C91BC942}") = "ControlTask_3.4", "Lab_3\ControlTask_3.4\ControlTask_3.4.vcxproj", "{B6387848-7539-4290-808C-F40B681A2DF1}"
EndProject
Project("{8BC9CEB8-8B4A-11D0-8D11-00A0C91BC942}") = "ControlTask_3.5", "Lab_3\ControlTask_3.5\ControlTask_3.5.vcxproj", "{E0EC1E75-2EBB-439B-89FB-C2AA26D511B6}"
EndProject
Project("{2150E333-8FDC-42A3-9474-1A3956D46DE8}") = "Lab_1", "Lab_1", "{709DD05C-A69B-4B43-B9E0-F52770F8D0D2}"
EndProject
Project("{2150E333-8FDC-42A3-9474-1A3956D46DE8}") = "ControlTask_1.1", "ControlTask_1.1", "{DBC4F10C-8496-494B-90BE-663D37A70CC2}"
EndProject
Project("{8BC9CEB8-8B4A-11D0-8D11-00A0C91BC942}") = "ControlTask_1.1", "Lab_1\ControlTask_1.1\ControlTask_1.1.vcxproj", "{D263ACBC-754A-412F-A8B6-37CDA83D7E40}"
EndProject
Global
	GlobalSection(SolutionConfigurationPlatforms) = preSolution
		Debug|x64 = Debug|x64
		Debug|x86 = Debug|x86
		Release|x64 = Release|x64
		Release|x86 = Release|x86
	EndGlobalSection
	GlobalSection(ProjectConfigurationPlatforms) = postSolution
		{29E500A6-A015-49CC-AA34-959954D4187C}.Debug|x64.ActiveCfg = Debug|x64
		{29E500A6-A015-49CC-AA34-959954D4187C}.Debug|x64.Build.0 = Debug|x64
		{29E500A6-A015-49CC-AA34-959954D4187C}.Debug|x86.ActiveCfg = Debug|Win32
		{29E500A6-A015-49CC-AA34-959954D4187C}.Debug|x86.Build.0 = Debug|Win32
		{29E500A6-A015-49CC-AA34-959954D4187C}.Release|x64.ActiveCfg = Release|x64
		{29E500A6-A015-49CC-AA34-959954D4187C}.Release|x64.Build.0 = Release|x64
		{29E500A6-A015-49CC-AA34-959954D4187C}.Release|x86.ActiveCfg = Release|Win32
		{29E500A6-A015-49CC-AA34-959954D4187C}.Release|x86.Build.0 = Release|Win32
		{A9F6A321-8608-49F7-A8C0-F6031FBA382D}.Debug|x64.ActiveCfg = Debug|x64
		{A9F6A321-8608-49F7-A8C0-F6031FBA382D}.Debug|x64.Build.0 = Debug|x64
		{A9F6A321-8608-49F7-A8C0-F6031FBA382D}.Debug|x86.ActiveCfg = Debug|Win32
		{A9F6A321-8608-49F7-A8C0-F6031FBA382D}.Debug|x86.Build.0 = Debug|Win32
		{A9F6A321-8608-49F7-A8C0-F6031FBA382D}.Release|x64.ActiveCfg = Release|x64
		{A9F6A321-8608-49F7-A8C0-F6031FBA382D}.Release|x64.Build.0 = Release|x64
		{A9F6A321-8608-49F7-A8C0-F6031FBA382D}.Release|x86.ActiveCfg = Release|Win32
		{A9F6A321-8608-49F7-A8C0-F6031FBA382D}.Release|x86.Build.0 = Release|Win32
		{0E8032FC-5BDD-4FEA-B360-8EF14E07867C}.Debug|x64.ActiveCfg = Debug|x64
		{0E8032FC-5BDD-4FEA-B360-8EF14E07867C}.Debug|x64.Build.0 = Debug|x64
		{0E8032FC-5BDD-4FEA-B360-8EF14E07867C}.Debug|x86.ActiveCfg = Debug|Win32
		{0E8032FC-5BDD-4FEA-B360-8EF14E07867C}.Debug|x86.Build.0 = Debug|Win32
		{0E8032FC-5BDD-4FEA-B360-8EF14E07867C}.Release|x64.ActiveCfg = Release|x64
		{0E8032FC-5BDD-4FEA-B360-8EF14E07867C}.Release|x64.Build.0 = Release|x64
		{0E8032FC-5BDD-4FEA-B360-8EF14E07867C}.Release|x86.ActiveCfg = Release|Win32
		{0E8032FC-5BDD-4FEA-B360-8EF14E07867C}.Release|x86.Build.0 = Release|Win32
		{FE8A39C4-7F65-48E7-9341-E41E37C018B9}.Debug|x64.ActiveCfg = Debug|x64
		{FE8A39C4-7F65-48E7-9341-E41E37C018B9}.Debug|x64.Build.0 = Debug|x64
		{FE8A39C4-7F65-48E7-9341-E41E37C018B9}.Debug|x86.ActiveCfg = Debug|Win32
		{FE8A39C4-7F65-48E7-9341-E41E37C018B9}.Debug|x86.Build.0 = Debug|Win32
		{FE8A39C4-7F65-48E7-9341-E41E37C018B9}.Release|x64.ActiveCfg = Release|x64
		{FE8A39C4-7F65-48E7-9341-E41E37C018B9}.Release|x64.Build.0 = Release|x64
		{FE8A39C4-7F65-48E7-9341-E41E37C018B9}.Release|x86.ActiveCfg = Release|Win32
		{FE8A39C4-7F65-48E7-9341-E41E37C018B9}.Release|x86.Build.0 = Release|Win32
		{071DC991-45D7-4F30-BDE7-3661391CD52B}.Debug|x64.ActiveCfg = Debug|x64
		{071DC991-45D7-4F30-BDE7-3661391CD52B}.Debug|x64.Build.0 = Debug|x64
		{071DC991-45D7-4F30-BDE7-3661391CD52B}.Debug|x86.ActiveCfg = Debug|Win32
		{071DC991-45D7-4F30-BDE7-3661391CD52B}.Debug|x86.Build.0 = Debug|Win32
		{071DC991-45D7-4F30-BDE7-3661391CD52B}.Release|x64.ActiveCfg = Release|x64
		{071DC991-45D7-4F30-BDE7-3661391CD52B}.Release|x64.Build.0 = Release|x64
		{071DC991-45D7-4F30-BDE7-3661391CD52B}.Release|x86.ActiveCfg = Release|Win32
		{071DC991-45D7-4F30-BDE7-3661391CD52B}.Release|x86.Build.0 = Release|Win32
		{F1E9388D-852C-4596-BB1E-086222EF58BF}.Debug|x64.ActiveCfg = Debug|x64
		{F1E9388D-852C-4596-BB1E-086222EF58BF}.Debug|x64.Build.0 = Debug|x64
		{F1E9388D-852C-4596-BB1E-086222EF58BF}.Debug|x86.ActiveCfg = Debug|Win32
		{F1E9388D-852C-4596-BB1E-086222EF58BF}.Debug|x86.Build.0 = Debug|Win32
		{F1E9388D-852C-4596-BB1E-086222EF58BF}.Release|x64.ActiveCfg = Release|x64
		{F1E9388D-852C-4596-BB1E-086222EF58BF}.Release|x64.Build.0 = Release|x64
		{F1E9388D-852C-4596-BB1E-086222EF58BF}.Release|x86.ActiveCfg = Release|Win32
		{F1E9388D-852C-4596-BB1E-086222EF58BF}.Release|x86.Build.0 = Release|Win32
		{A5E4F8F2-2764-4BB4-87C3-69C95F19D901}.Debug|x64.ActiveCfg = Debug|x64
		{A5E4F8F2-2764-4BB4-87C3-69C95F19D901}.Debug|x64.Build.0 = Debug|x64
		{A5E4F8F2-2764-4BB4-87C3-69C95F19D901}.Debug|x86.ActiveCfg = Debug|Win32
		{A5E4F8F2-2764-4BB4-87C3-69C95F19D901}.Debug|x86.Build.0 = Debug|Win32
		{A5E4F8F2-2764-4BB4-87C3-69C95F19D901}.Release|x64.ActiveCfg = Release|x64
		{A5E4F8F2-2764-4BB4-87C3-69C95F19D901}.Release|x64.Build.0 = Release|x64
		{A5E4F8F2-2764-4BB4-87C3-69C95F19D901}.Release|x86.ActiveCfg = Release|Win32
		{A5E4F8F2-2764-4BB4-87C3-69C95F19D901}.Release|x86.Build.0 = Release|Win32
		{B6387848-7539-4290-808C-F40B681A2DF1}.Debug|x64.ActiveCfg = Debug|x64
		{B6387848-7539-4290-808C-F40B681A2DF1}.Debug|x64.Build.0 = Debug|x64
		{B6387848-7539-4290-808C-F40B681A2DF1}.Debug|x86.ActiveCfg = Debug|Win32
		{B6387848-7539-4290-808C-F40B681A2DF1}.Debug|x86.Build.0 = Debug|Win32
		{B6387848-7539-4290-808C-F40B681A2DF1}.Release|x64.ActiveCfg = Release|x64
		{B6387848-7539-4290-808C-F40B681A2DF1}.Release|x64.Build.0 = Release|x64
		{B6387848-7539-4290-808C-F40B681A2DF1}.Release|x86.ActiveCfg = Release|Win32
		{B6387848-7539-4290-808C-F40B681A2DF1}.Release|x86.Build.0 = Release|Win32
		{E0EC1E75-2EBB-439B-89FB-C2AA26D511B6}.Debug|x64.ActiveCfg = Debug|x64
		{E0EC1E75-2EBB-439B-89FB-C2AA26D511B6}.Debug|x64.Build.0 = Debug|x64
		{E0EC1E75-2EBB-439B-89FB-C2AA26D511B6}.Debug|x86.ActiveCfg = Debug|Win32
		{E0EC1E75-2EBB-439B-89FB-C2AA26D511B6}.Debug|x86.Build.0 = Debug|Win32
		{E0EC1E75-2EBB-439B-89FB-C2AA26D511B6}.Release|x64.ActiveCfg = Release|x64
		{E0EC1E75-2EBB-439B-89FB-C2AA26D511B6}.Release|x64.Build.0 = Release|x64
		{E0EC1E75-2EBB-439B-89FB-C2AA26D511B6}.Release|x86.ActiveCfg = Release|Win32
		{E0EC1E75-2EBB-439B-89FB-C2AA26D511B6}.Release|x86.Build.0 = Release|Win32
		{D263ACBC-754A-412F-A8B6-37CDA83D7E40}.Debug|x64.ActiveCfg = Debug|x64
		{D263ACBC-754A-412F-A8B6-37CDA83D7E40}.Debug|x64.Build.0 = Debug|x64
		{D263ACBC-754A-412F-A8B6-37CDA83D7E40}.Debug|x86.ActiveCfg = Debug|Win32
		{D263ACBC-754A-412F-A8B6-37CDA83D7E40}.Debug|x86.Build.0 = Debug|Win32
		{D263ACBC-754A-412F-A8B6-37CDA83D7E40}.Release|x64.ActiveCfg = Release|x64
		{D263ACBC-754A-412F-A8B6-37CDA83D7E40}.Release|x64.Build.0 = Release|x64
		{D263ACBC-754A-412F-A8B6-37CDA83D7E40}.Release|x86.ActiveCfg = Release|Win32
		{D263ACBC-754A-412F-A8B6-37CDA83D7E40}.Release|x86.Build.0 = Release|Win32
	EndGlobalSection
	GlobalSection(SolutionProperties) = preSolution
		HideSolutionNode = FALSE
	EndGlobalSection
	GlobalSection(NestedProjects) = preSolution
		{62F60DD5-70B2-4675-A945-DE2E8BB1110E} = {92C2E815-6114-4B65-B51B-F7D5F1350050}
		{A91DEE1A-9899-4CB8-B997-3B3C5B9F92B1} = {92C2E815-6114-4B65-B51B-F7D5F1350050}
		{B1CEA804-3293-409D-BAB1-B98F8F088E51} = {92C2E815-6114-4B65-B51B-F7D5F1350050}
		{35098EBE-F49D-4F4D-B41C-55410D1A8567} = {92C2E815-6114-4B65-B51B-F7D5F1350050}
		{29E500A6-A015-49CC-AA34-959954D4187C} = {62F60DD5-70B2-4675-A945-DE2E8BB1110E}
		{A9F6A321-8608-49F7-A8C0-F6031FBA382D} = {A91DEE1A-9899-4CB8-B997-3B3C5B9F92B1}
		{0E8032FC-5BDD-4FEA-B360-8EF14E07867C} = {B1CEA804-3293-409D-BAB1-B98F8F088E51}
		{FE8A39C4-7F65-48E7-9341-E41E37C018B9} = {35098EBE-F49D-4F4D-B41C-55410D1A8567}
		{15CBC5B7-1932-4328-84DC-2867A2266A6D} = {FFEDF525-9757-490F-96F9-D7C1E18662C3}
		{5B281217-EBF5-4E84-959C-C6A62EC91A3D} = {FFEDF525-9757-490F-96F9-D7C1E18662C3}
		{CD64AB99-DAC3-46BB-AA2F-91181BD7589D} = {FFEDF525-9757-490F-96F9-D7C1E18662C3}
		{C93FB52D-58DE-4B11-8DBD-55D5F977C5DD} = {FFEDF525-9757-490F-96F9-D7C1E18662C3}
		{13C8E3EC-2AD1-4D34-A11E-081DA3E7392A} = {FFEDF525-9757-490F-96F9-D7C1E18662C3}
		{071DC991-45D7-4F30-BDE7-3661391CD52B} = {15CBC5B7-1932-4328-84DC-2867A2266A6D}
		{F1E9388D-852C-4596-BB1E-086222EF58BF} = {5B281217-EBF5-4E84-959C-C6A62EC91A3D}
		{A5E4F8F2-2764-4BB4-87C3-69C95F19D901} = {CD64AB99-DAC3-46BB-AA2F-91181BD7589D}
		{B6387848-7539-4290-808C-F40B681A2DF1} = {C93FB52D-58DE-4B11-8DBD-55D5F977C5DD}
		{E0EC1E75-2EBB-439B-89FB-C2AA26D511B6} = {13C8E3EC-2AD1-4D34-A11E-081DA3E7392A}
		{DBC4F10C-8496-494B-90BE-663D37A70CC2} = {709DD05C-A69B-4B43-B9E0-F52770F8D0D2}
		{D263ACBC-754A-412F-A8B6-37CDA83D7E40} = {DBC4F10C-8496-494B-90BE-663D37A70CC2}
	EndGlobalSection
	GlobalSection(ExtensibilityGlobals) = postSolution
		SolutionGuid = {9A11010C-70BA-417C-BA53-3C017155A123}
	EndGlobalSection
EndGlobal
